
Microsoft Visual Studio Solution File, Format Version 12.00
# Visual Studio 15
VisualStudioVersion = 15.0.27428.2037
MinimumVisualStudioVersion = 10.0.40219.1
Project("{9A19103F-16F7-4668-BE54-9A1E7A4F7556}") = "FileBot.Telegram.Lambda", "src\FileBot.Telegram.Lambda\FileBot.Telegram.Lambda.csproj", "{5797EC85-EBF9-471D-AFC6-7B2E5D40A090}"
EndProject
Project("{9A19103F-16F7-4668-BE54-9A1E7A4F7556}") = "FileBot.Telegram.Lib", "src\FileBot.Telegram.Lib\FileBot.Telegram.Lib.csproj", "{FE80A265-F7F3-4AA1-89CB-5AE09243D2BF}"
EndProject
Project("{FAE04EC0-301F-11D3-BF4B-00C04F79EFBC}") = "FileBot.Telegram.Lambda.Tests", "Tests\FileBot.Telegram.Lambda.Tests\FileBot.Telegram.Lambda.Tests.csproj", "{BEF79F60-8279-465A-8AE1-3F7394006945}"
EndProject
Global
	GlobalSection(SolutionConfigurationPlatforms) = preSolution
		Debug|Any CPU = Debug|Any CPU
		Release|Any CPU = Release|Any CPU
	EndGlobalSection
	GlobalSection(ProjectConfigurationPlatforms) = postSolution
		{5797EC85-EBF9-471D-AFC6-7B2E5D40A090}.Debug|Any CPU.ActiveCfg = Debug|Any CPU
		{5797EC85-EBF9-471D-AFC6-7B2E5D40A090}.Debug|Any CPU.Build.0 = Debug|Any CPU
		{5797EC85-EBF9-471D-AFC6-7B2E5D40A090}.Release|Any CPU.ActiveCfg = Release|Any CPU
		{5797EC85-EBF9-471D-AFC6-7B2E5D40A090}.Release|Any CPU.Build.0 = Release|Any CPU
		{FE80A265-F7F3-4AA1-89CB-5AE09243D2BF}.Debug|Any CPU.ActiveCfg = Debug|Any CPU
		{FE80A265-F7F3-4AA1-89CB-5AE09243D2BF}.Debug|Any CPU.Build.0 = Debug|Any CPU
		{FE80A265-F7F3-4AA1-89CB-5AE09243D2BF}.Release|Any CPU.ActiveCfg = Release|Any CPU
		{FE80A265-F7F3-4AA1-89CB-5AE09243D2BF}.Release|Any CPU.Build.0 = Release|Any CPU
		{BEF79F60-8279-465A-8AE1-3F7394006945}.Debug|Any CPU.ActiveCfg = Debug|Any CPU
		{BEF79F60-8279-465A-8AE1-3F7394006945}.Debug|Any CPU.Build.0 = Debug|Any CPU
		{BEF79F60-8279-465A-8AE1-3F7394006945}.Release|Any CPU.ActiveCfg = Release|Any CPU
		{BEF79F60-8279-465A-8AE1-3F7394006945}.Release|Any CPU.Build.0 = Release|Any CPU
	EndGlobalSection
	GlobalSection(SolutionProperties) = preSolution
		HideSolutionNode = FALSE
	EndGlobalSection
	GlobalSection(ExtensibilityGlobals) = postSolution
		SolutionGuid = {BD3E4CEA-167E-448E-B347-E37CD7E93861}
	EndGlobalSection
EndGlobal
